
Microsoft Visual Studio Solution File, Format Version 12.00
# Visual Studio 15
VisualStudioVersion = 15.0.28307.572
MinimumVisualStudioVersion = 10.0.40219.1
Project("{FAE04EC0-301F-11D3-BF4B-00C04F79EFBC}") = "Assessment", "Assessment\Assessment.csproj", "{2E8B27C6-801A-490D-A051-552B87561763}"
EndProject
Project("{FAE04EC0-301F-11D3-BF4B-00C04F79EFBC}") = "Assessment.Test", "Assessment.Test\Assessment.Test.csproj", "{DD0CD391-A8A3-4B89-8685-01BDE0C27D21}"
EndProject
Global
	GlobalSection(SolutionConfigurationPlatforms) = preSolution
		Debug|Any CPU = Debug|Any CPU
		Release|Any CPU = Release|Any CPU
	EndGlobalSection
	GlobalSection(ProjectConfigurationPlatforms) = postSolution
		{2E8B27C6-801A-490D-A051-552B87561763}.Debug|Any CPU.ActiveCfg = Debug|Any CPU
		{2E8B27C6-801A-490D-A051-552B87561763}.Debug|Any CPU.Build.0 = Debug|Any CPU
		{2E8B27C6-801A-490D-A051-552B87561763}.Release|Any CPU.ActiveCfg = Release|Any CPU
		{2E8B27C6-801A-490D-A051-552B87561763}.Release|Any CPU.Build.0 = Release|Any CPU
		{DD0CD391-A8A3-4B89-8685-01BDE0C27D21}.Debug|Any CPU.ActiveCfg = Debug|Any CPU
		{DD0CD391-A8A3-4B89-8685-01BDE0C27D21}.Debug|Any CPU.Build.0 = Debug|Any CPU
		{DD0CD391-A8A3-4B89-8685-01BDE0C27D21}.Release|Any CPU.ActiveCfg = Release|Any CPU
		{DD0CD391-A8A3-4B89-8685-01BDE0C27D21}.Release|Any CPU.Build.0 = Release|Any CPU
	EndGlobalSection
	GlobalSection(SolutionProperties) = preSolution
		HideSolutionNode = FALSE
	EndGlobalSection
	GlobalSection(ExtensibilityGlobals) = postSolution
		SolutionGuid = {A2028E54-6D0F-4115-827B-B09401A48EED}
	EndGlobalSection
EndGlobal
